
Microsoft Visual Studio Solution File, Format Version 12.00
# Visual Studio Version 17
VisualStudioVersion = 17.4.33205.214
MinimumVisualStudioVersion = 10.0.40219.1
Project("{9A19103F-16F7-4668-BE54-9A1E7A4F7556}") = "DonetWeb2", "DonetWeb2\DonetWeb2.csproj", "{B0802DFA-DB34-4EE3-9069-B6137663A309}"
EndProject
Project("{9A19103F-16F7-4668-BE54-9A1E7A4F7556}") = "EFCoreModel", "EFCore\EFCoreModel.csproj", "{7A81DF32-FB1A-4DBD-8398-CAA2C7F6B6C7}"
EndProject
Project("{9A19103F-16F7-4668-BE54-9A1E7A4F7556}") = "EFCoreService", "EFCoreService\EFCoreService.csproj", "{022AFD76-A759-477C-95E2-458C9040B4BB}"
EndProject
Project("{FAE04EC0-301F-11D3-BF4B-00C04F79EFBC}") = "EF_Identity", "EF_Identity\EF_Identity.csproj", "{2AB4E086-F0C3-4FD2-8BDD-51FBB1BAD27D}"
EndProject
Global
	GlobalSection(SolutionConfigurationPlatforms) = preSolution
		Debug|Any CPU = Debug|Any CPU
		Release|Any CPU = Release|Any CPU
	EndGlobalSection
	GlobalSection(ProjectConfigurationPlatforms) = postSolution
		{B0802DFA-DB34-4EE3-9069-B6137663A309}.Debug|Any CPU.ActiveCfg = Debug|Any CPU
		{B0802DFA-DB34-4EE3-9069-B6137663A309}.Debug|Any CPU.Build.0 = Debug|Any CPU
		{B0802DFA-DB34-4EE3-9069-B6137663A309}.Release|Any CPU.ActiveCfg = Release|Any CPU
		{B0802DFA-DB34-4EE3-9069-B6137663A309}.Release|Any CPU.Build.0 = Release|Any CPU
		{7A81DF32-FB1A-4DBD-8398-CAA2C7F6B6C7}.Debug|Any CPU.ActiveCfg = Debug|Any CPU
		{7A81DF32-FB1A-4DBD-8398-CAA2C7F6B6C7}.Debug|Any CPU.Build.0 = Debug|Any CPU
		{7A81DF32-FB1A-4DBD-8398-CAA2C7F6B6C7}.Release|Any CPU.ActiveCfg = Release|Any CPU
		{7A81DF32-FB1A-4DBD-8398-CAA2C7F6B6C7}.Release|Any CPU.Build.0 = Release|Any CPU
		{022AFD76-A759-477C-95E2-458C9040B4BB}.Debug|Any CPU.ActiveCfg = Debug|Any CPU
		{022AFD76-A759-477C-95E2-458C9040B4BB}.Debug|Any CPU.Build.0 = Debug|Any CPU
		{022AFD76-A759-477C-95E2-458C9040B4BB}.Release|Any CPU.ActiveCfg = Release|Any CPU
		{022AFD76-A759-477C-95E2-458C9040B4BB}.Release|Any CPU.Build.0 = Release|Any CPU
		{2AB4E086-F0C3-4FD2-8BDD-51FBB1BAD27D}.Debug|Any CPU.ActiveCfg = Debug|Any CPU
		{2AB4E086-F0C3-4FD2-8BDD-51FBB1BAD27D}.Debug|Any CPU.Build.0 = Debug|Any CPU
		{2AB4E086-F0C3-4FD2-8BDD-51FBB1BAD27D}.Release|Any CPU.ActiveCfg = Release|Any CPU
		{2AB4E086-F0C3-4FD2-8BDD-51FBB1BAD27D}.Release|Any CPU.Build.0 = Release|Any CPU
	EndGlobalSection
	GlobalSection(SolutionProperties) = preSolution
		HideSolutionNode = FALSE
	EndGlobalSection
	GlobalSection(ExtensibilityGlobals) = postSolution
		SolutionGuid = {12ED6CEC-6F43-46BB-9270-B0D1B102710E}
	EndGlobalSection
EndGlobal
